// !$*UTF8*$!
{
	archiveVersion = 1;
	classes = {
	};
	objectVersion = 56;
	objects = {

/* Begin PBXBuildFile section */
		2B2355D62B74EED000AC9356 /* DummyViewController.swift in Sources */ = {isa = PBXBuildFile; fileRef = 2B2355D52B74EED000AC9356 /* DummyViewController.swift */; };
		2B2355D82B74EF9C00AC9356 /* DummyView.swift in Sources */ = {isa = PBXBuildFile; fileRef = 2B2355D72B74EF9C00AC9356 /* DummyView.swift */; };
		2B2355DB2B74FECC00AC9356 /* LocalState.swift in Sources */ = {isa = PBXBuildFile; fileRef = 2B2355DA2B74FECC00AC9356 /* LocalState.swift */; };
		2BBD97CA2B739CC200D65FCA /* OnboardingContainerViewController.swift in Sources */ = {isa = PBXBuildFile; fileRef = 2BBD97C92B739CC100D65FCA /* OnboardingContainerViewController.swift */; };
		2BBD97CC2B73AA7E00D65FCA /* OnboardingViewController.swift in Sources */ = {isa = PBXBuildFile; fileRef = 2BBD97CB2B73AA7E00D65FCA /* OnboardingViewController.swift */; };
		2BBD97CE2B73AABB00D65FCA /* OnboardingView.swift in Sources */ = {isa = PBXBuildFile; fileRef = 2BBD97CD2B73AABB00D65FCA /* OnboardingView.swift */; };
		2BC02B4F2B7240CF00D0B61E /* AppDelegate.swift in Sources */ = {isa = PBXBuildFile; fileRef = 2BC02B4E2B7240CF00D0B61E /* AppDelegate.swift */; };
		2BC02B532B7240CF00D0B61E /* LoginViewController.swift in Sources */ = {isa = PBXBuildFile; fileRef = 2BC02B522B7240CF00D0B61E /* LoginViewController.swift */; };
		2BC02B582B7240D400D0B61E /* Assets.xcassets in Resources */ = {isa = PBXBuildFile; fileRef = 2BC02B572B7240D400D0B61E /* Assets.xcassets */; };
		2BC02B5B2B7240D400D0B61E /* LaunchScreen.storyboard in Resources */ = {isa = PBXBuildFile; fileRef = 2BC02B592B7240D400D0B61E /* LaunchScreen.storyboard */; };
		2BC02B662B7246CC00D0B61E /* LoginView.swift in Sources */ = {isa = PBXBuildFile; fileRef = 2BC02B652B7246CC00D0B61E /* LoginView.swift */; };
/* End PBXBuildFile section */

/* Begin PBXFileReference section */
		2B2355D52B74EED000AC9356 /* DummyViewController.swift */ = {isa = PBXFileReference; lastKnownFileType = sourcecode.swift; path = DummyViewController.swift; sourceTree = "<group>"; };
		2B2355D72B74EF9C00AC9356 /* DummyView.swift */ = {isa = PBXFileReference; lastKnownFileType = sourcecode.swift; path = DummyView.swift; sourceTree = "<group>"; };
		2B2355DA2B74FECC00AC9356 /* LocalState.swift */ = {isa = PBXFileReference; lastKnownFileType = sourcecode.swift; path = LocalState.swift; sourceTree = "<group>"; };
		2BBD97C92B739CC100D65FCA /* OnboardingContainerViewController.swift */ = {isa = PBXFileReference; lastKnownFileType = sourcecode.swift; path = OnboardingContainerViewController.swift; sourceTree = "<group>"; };
		2BBD97CB2B73AA7E00D65FCA /* OnboardingViewController.swift */ = {isa = PBXFileReference; lastKnownFileType = sourcecode.swift; path = OnboardingViewController.swift; sourceTree = "<group>"; };
		2BBD97CD2B73AABB00D65FCA /* OnboardingView.swift */ = {isa = PBXFileReference; lastKnownFileType = sourcecode.swift; path = OnboardingView.swift; sourceTree = "<group>"; };
		2BC02B4B2B7240CF00D0B61E /* bankey.app */ = {isa = PBXFileReference; explicitFileType = wrapper.application; includeInIndex = 0; path = bankey.app; sourceTree = BUILT_PRODUCTS_DIR; };
		2BC02B4E2B7240CF00D0B61E /* AppDelegate.swift */ = {isa = PBXFileReference; lastKnownFileType = sourcecode.swift; path = AppDelegate.swift; sourceTree = "<group>"; };
		2BC02B522B7240CF00D0B61E /* LoginViewController.swift */ = {isa = PBXFileReference; lastKnownFileType = sourcecode.swift; path = LoginViewController.swift; sourceTree = "<group>"; };
		2BC02B572B7240D400D0B61E /* Assets.xcassets */ = {isa = PBXFileReference; lastKnownFileType = folder.assetcatalog; path = Assets.xcassets; sourceTree = "<group>"; };
		2BC02B5A2B7240D400D0B61E /* Base */ = {isa = PBXFileReference; lastKnownFileType = file.storyboard; name = Base; path = Base.lproj/LaunchScreen.storyboard; sourceTree = "<group>"; };
		2BC02B5C2B7240D400D0B61E /* Info.plist */ = {isa = PBXFileReference; lastKnownFileType = text.plist.xml; path = Info.plist; sourceTree = "<group>"; };
		2BC02B652B7246CC00D0B61E /* LoginView.swift */ = {isa = PBXFileReference; lastKnownFileType = sourcecode.swift; path = LoginView.swift; sourceTree = "<group>"; };
/* End PBXFileReference section */

/* Begin PBXFrameworksBuildPhase section */
		2BC02B482B7240CF00D0B61E /* Frameworks */ = {
			isa = PBXFrameworksBuildPhase;
			buildActionMask = 2147483647;
			files = (
			);
			runOnlyForDeploymentPostprocessing = 0;
		};
/* End PBXFrameworksBuildPhase section */

/* Begin PBXGroup section */
		2B2355D92B74FEC000AC9356 /* Utils */ = {
			isa = PBXGroup;
			children = (
				2B2355DA2B74FECC00AC9356 /* LocalState.swift */,
			);
			path = Utils;
			sourceTree = "<group>";
		};
		2BBD97C82B739C9600D65FCA /* Onboarding */ = {
			isa = PBXGroup;
			children = (
				2BBD97C92B739CC100D65FCA /* OnboardingContainerViewController.swift */,
				2BBD97CB2B73AA7E00D65FCA /* OnboardingViewController.swift */,
				2BBD97CD2B73AABB00D65FCA /* OnboardingView.swift */,
			);
			path = Onboarding;
			sourceTree = "<group>";
		};
		2BC02B422B7240CF00D0B61E = {
			isa = PBXGroup;
			children = (
				2BC02B4D2B7240CF00D0B61E /* bankey */,
				2BC02B4C2B7240CF00D0B61E /* Products */,
			);
			sourceTree = "<group>";
		};
		2BC02B4C2B7240CF00D0B61E /* Products */ = {
			isa = PBXGroup;
			children = (
				2BC02B4B2B7240CF00D0B61E /* bankey.app */,
			);
			name = Products;
			sourceTree = "<group>";
		};
		2BC02B4D2B7240CF00D0B61E /* bankey */ = {
			isa = PBXGroup;
			children = (
				2B2355D92B74FEC000AC9356 /* Utils */,
				2BC02B642B72465100D0B61E /* Supporting */,
				2BBD97C82B739C9600D65FCA /* Onboarding */,
				2BC02B622B72458100D0B61E /* Login */,
			);
			path = bankey;
			sourceTree = "<group>";
		};
		2BC02B622B72458100D0B61E /* Login */ = {
			isa = PBXGroup;
			children = (
				2BC02B522B7240CF00D0B61E /* LoginViewController.swift */,
				2BC02B652B7246CC00D0B61E /* LoginView.swift */,
				2B2355D52B74EED000AC9356 /* DummyViewController.swift */,
				2B2355D72B74EF9C00AC9356 /* DummyView.swift */,
			);
			name = Login;
			path = "New Group";
			sourceTree = "<group>";
		};
		2BC02B642B72465100D0B61E /* Supporting */ = {
			isa = PBXGroup;
			children = (
				2BC02B4E2B7240CF00D0B61E /* AppDelegate.swift */,
				2BC02B572B7240D400D0B61E /* Assets.xcassets */,
				2BC02B592B7240D400D0B61E /* LaunchScreen.storyboard */,
				2BC02B5C2B7240D400D0B61E /* Info.plist */,
			);
			name = Supporting;
			sourceTree = "<group>";
		};
/* End PBXGroup section */

/* Begin PBXNativeTarget section */
		2BC02B4A2B7240CF00D0B61E /* bankey */ = {
			isa = PBXNativeTarget;
			buildConfigurationList = 2BC02B5F2B7240D400D0B61E /* Build configuration list for PBXNativeTarget "bankey" */;
			buildPhases = (
				2BC02B472B7240CF00D0B61E /* Sources */,
				2BC02B482B7240CF00D0B61E /* Frameworks */,
				2BC02B492B7240CF00D0B61E /* Resources */,
			);
			buildRules = (
			);
			dependencies = (
			);
			name = bankey;
			productName = bankey;
			productReference = 2BC02B4B2B7240CF00D0B61E /* bankey.app */;
			productType = "com.apple.product-type.application";
		};
/* End PBXNativeTarget section */

/* Begin PBXProject section */
		2BC02B432B7240CF00D0B61E /* Project object */ = {
			isa = PBXProject;
			attributes = {
				BuildIndependentTargetsInParallel = 1;
				LastSwiftUpdateCheck = 1520;
				LastUpgradeCheck = 1520;
				TargetAttributes = {
					2BC02B4A2B7240CF00D0B61E = {
						CreatedOnToolsVersion = 15.2;
					};
				};
			};
			buildConfigurationList = 2BC02B462B7240CF00D0B61E /* Build configuration list for PBXProject "bankey" */;
			compatibilityVersion = "Xcode 14.0";
			developmentRegion = en;
			hasScannedForEncodings = 0;
			knownRegions = (
				en,
				Base,
			);
			mainGroup = 2BC02B422B7240CF00D0B61E;
			productRefGroup = 2BC02B4C2B7240CF00D0B61E /* Products */;
			projectDirPath = "";
			projectRoot = "";
			targets = (
				2BC02B4A2B7240CF00D0B61E /* bankey */,
			);
		};
/* End PBXProject section */

/* Begin PBXResourcesBuildPhase section */
		2BC02B492B7240CF00D0B61E /* Resources */ = {
			isa = PBXResourcesBuildPhase;
			buildActionMask = 2147483647;
			files = (
				2BC02B5B2B7240D400D0B61E /* LaunchScreen.storyboard in Resources */,
				2BC02B582B7240D400D0B61E /* Assets.xcassets in Resources */,
			);
			runOnlyForDeploymentPostprocessing = 0;
		};
/* End PBXResourcesBuildPhase section */

/* Begin PBXSourcesBuildPhase section */
		2BC02B472B7240CF00D0B61E /* Sources */ = {
			isa = PBXSourcesBuildPhase;
			buildActionMask = 2147483647;
			files = (
				2B2355D62B74EED000AC9356 /* DummyViewController.swift in Sources */,
				2B2355DB2B74FECC00AC9356 /* LocalState.swift in Sources */,
				2B2355D82B74EF9C00AC9356 /* DummyView.swift in Sources */,
				2BC02B662B7246CC00D0B61E /* LoginView.swift in Sources */,
				2BC02B532B7240CF00D0B61E /* LoginViewController.swift in Sources */,
				2BBD97CC2B73AA7E00D65FCA /* OnboardingViewController.swift in Sources */,
				2BBD97CE2B73AABB00D65FCA /* OnboardingView.swift in Sources */,
				2BC02B4F2B7240CF00D0B61E /* AppDelegate.swift in Sources */,
				2BBD97CA2B739CC200D65FCA /* OnboardingContainerViewController.swift in Sources */,
			);
			runOnlyForDeploymentPostprocessing = 0;
		};
/* End PBXSourcesBuildPhase section */

/* Begin PBXVariantGroup section */
		2BC02B592B7240D400D0B61E /* LaunchScreen.storyboard */ = {
			isa = PBXVariantGroup;
			children = (
				2BC02B5A2B7240D400D0B61E /* Base */,
			);
			name = LaunchScreen.storyboard;
			sourceTree = "<group>";
		};
/* End PBXVariantGroup section */

/* Begin XCBuildConfiguration section */
		2BC02B5D2B7240D400D0B61E /* Debug */ = {
			isa = XCBuildConfiguration;
			buildSettings = {
				ALWAYS_SEARCH_USER_PATHS = NO;
				ASSETCATALOG_COMPILER_GENERATE_SWIFT_ASSET_SYMBOL_EXTENSIONS = YES;
				CLANG_ANALYZER_NONNULL = YES;
				CLANG_ANALYZER_NUMBER_OBJECT_CONVERSION = YES_AGGRESSIVE;
				CLANG_CXX_LANGUAGE_STANDARD = "gnu++20";
				CLANG_ENABLE_MODULES = YES;
				CLANG_ENABLE_OBJC_ARC = YES;
				CLANG_ENABLE_OBJC_WEAK = YES;
				CLANG_WARN_BLOCK_CAPTURE_AUTORELEASING = YES;
				CLANG_WARN_BOOL_CONVERSION = YES;
				CLANG_WARN_COMMA = YES;
				CLANG_WARN_CONSTANT_CONVERSION = YES;
				CLANG_WARN_DEPRECATED_OBJC_IMPLEMENTATIONS = YES;
				CLANG_WARN_DIRECT_OBJC_ISA_USAGE = YES_ERROR;
				CLANG_WARN_DOCUMENTATION_COMMENTS = YES;
				CLANG_WARN_EMPTY_BODY = YES;
				CLANG_WARN_ENUM_CONVERSION = YES;
				CLANG_WARN_INFINITE_RECURSION = YES;
				CLANG_WARN_INT_CONVERSION = YES;
				CLANG_WARN_NON_LITERAL_NULL_CONVERSION = YES;
				CLANG_WARN_OBJC_IMPLICIT_RETAIN_SELF = YES;
				CLANG_WARN_OBJC_LITERAL_CONVERSION = YES;
				CLANG_WARN_OBJC_ROOT_CLASS = YES_ERROR;
				CLANG_WARN_QUOTED_INCLUDE_IN_FRAMEWORK_HEADER = YES;
				CLANG_WARN_RANGE_LOOP_ANALYSIS = YES;
				CLANG_WARN_STRICT_PROTOTYPES = YES;
				CLANG_WARN_SUSPICIOUS_MOVE = YES;
				CLANG_WARN_UNGUARDED_AVAILABILITY = YES_AGGRESSIVE;
				CLANG_WARN_UNREACHABLE_CODE = YES;
				CLANG_WARN__DUPLICATE_METHOD_MATCH = YES;
				COPY_PHASE_STRIP = NO;
				DEBUG_INFORMATION_FORMAT = dwarf;
				ENABLE_STRICT_OBJC_MSGSEND = YES;
				ENABLE_TESTABILITY = YES;
				ENABLE_USER_SCRIPT_SANDBOXING = YES;
				GCC_C_LANGUAGE_STANDARD = gnu17;
				GCC_DYNAMIC_NO_PIC = NO;
				GCC_NO_COMMON_BLOCKS = YES;
				GCC_OPTIMIZATION_LEVEL = 0;
				GCC_PREPROCESSOR_DEFINITIONS = (
					"DEBUG=1",
					"$(inherited)",
				);
				GCC_WARN_64_TO_32_BIT_CONVERSION = YES;
				GCC_WARN_ABOUT_RETURN_TYPE = YES_ERROR;
				GCC_WARN_UNDECLARED_SELECTOR = YES;
				GCC_WARN_UNINITIALIZED_AUTOS = YES_AGGRESSIVE;
				GCC_WARN_UNUSED_FUNCTION = YES;
				GCC_WARN_UNUSED_VARIABLE = YES;
				IPHONEOS_DEPLOYMENT_TARGET = 17.2;
				LOCALIZATION_PREFERS_STRING_CATALOGS = YES;
				MTL_ENABLE_DEBUG_INFO = INCLUDE_SOURCE;
				MTL_FAST_MATH = YES;
				ONLY_ACTIVE_ARCH = YES;
				SDKROOT = iphoneos;
				SWIFT_ACTIVE_COMPILATION_CONDITIONS = "DEBUG $(inherited)";
				SWIFT_OPTIMIZATION_LEVEL = "-Onone";
			};
			name = Debug;
		};
		2BC02B5E2B7240D400D0B61E /* Release */ = {
			isa = XCBuildConfiguration;
			buildSettings = {
				ALWAYS_SEARCH_USER_PATHS = NO;
				ASSETCATALOG_COMPILER_GENERATE_SWIFT_ASSET_SYMBOL_EXTENSIONS = YES;
				CLANG_ANALYZER_NONNULL = YES;
				CLANG_ANALYZER_NUMBER_OBJECT_CONVERSION = YES_AGGRESSIVE;
				CLANG_CXX_LANGUAGE_STANDARD = "gnu++20";
				CLANG_ENABLE_MODULES = YES;
				CLANG_ENABLE_OBJC_ARC = YES;
				CLANG_ENABLE_OBJC_WEAK = YES;
				CLANG_WARN_BLOCK_CAPTURE_AUTORELEASING = YES;
				CLANG_WARN_BOOL_CONVERSION = YES;
				CLANG_WARN_COMMA = YES;
				CLANG_WARN_CONSTANT_CONVERSION = YES;
				CLANG_WARN_DEPRECATED_OBJC_IMPLEMENTATIONS = YES;
				CLANG_WARN_DIRECT_OBJC_ISA_USAGE = YES_ERROR;
				CLANG_WARN_DOCUMENTATION_COMMENTS = YES;
				CLANG_WARN_EMPTY_BODY = YES;
				CLANG_WARN_ENUM_CONVERSION = YES;
				CLANG_WARN_INFINITE_RECURSION = YES;
				CLANG_WARN_INT_CONVERSION = YES;
				CLANG_WARN_NON_LITERAL_NULL_CONVERSION = YES;
				CLANG_WARN_OBJC_IMPLICIT_RETAIN_SELF = YES;
				CLANG_WARN_OBJC_LITERAL_CONVERSION = YES;
				CLANG_WARN_OBJC_ROOT_CLASS = YES_ERROR;
				CLANG_WARN_QUOTED_INCLUDE_IN_FRAMEWORK_HEADER = YES;
				CLANG_WARN_RANGE_LOOP_ANALYSIS = YES;
				CLANG_WARN_STRICT_PROTOTYPES = YES;
				CLANG_WARN_SUSPICIOUS_MOVE = YES;
				CLANG_WARN_UNGUARDED_AVAILABILITY = YES_AGGRESSIVE;
				CLANG_WARN_UNREACHABLE_CODE = YES;
				CLANG_WARN__DUPLICATE_METHOD_MATCH = YES;
				COPY_PHASE_STRIP = NO;
				DEBUG_INFORMATION_FORMAT = "dwarf-with-dsym";
				ENABLE_NS_ASSERTIONS = NO;
				ENABLE_STRICT_OBJC_MSGSEND = YES;
				ENABLE_USER_SCRIPT_SANDBOXING = YES;
				GCC_C_LANGUAGE_STANDARD = gnu17;
				GCC_NO_COMMON_BLOCKS = YES;
				GCC_WARN_64_TO_32_BIT_CONVERSION = YES;
				GCC_WARN_ABOUT_RETURN_TYPE = YES_ERROR;
				GCC_WARN_UNDECLARED_SELECTOR = YES;
				GCC_WARN_UNINITIALIZED_AUTOS = YES_AGGRESSIVE;
				GCC_WARN_UNUSED_FUNCTION = YES;
				GCC_WARN_UNUSED_VARIABLE = YES;
				IPHONEOS_DEPLOYMENT_TARGET = 17.2;
				LOCALIZATION_PREFERS_STRING_CATALOGS = YES;
				MTL_ENABLE_DEBUG_INFO = NO;
				MTL_FAST_MATH = YES;
				SDKROOT = iphoneos;
				SWIFT_COMPILATION_MODE = wholemodule;
				VALIDATE_PRODUCT = YES;
			};
			name = Release;
		};
		2BC02B602B7240D400D0B61E /* Debug */ = {
			isa = XCBuildConfiguration;
			buildSettings = {
				ASSETCATALOG_COMPILER_APPICON_NAME = AppIcon;
				ASSETCATALOG_COMPILER_GLOBAL_ACCENT_COLOR_NAME = AccentColor;
				CODE_SIGN_STYLE = Automatic;
				CURRENT_PROJECT_VERSION = 1;
				DEVELOPMENT_TEAM = FH99D278L8;
				GENERATE_INFOPLIST_FILE = YES;
				INFOPLIST_FILE = bankey/Info.plist;
				INFOPLIST_KEY_UIApplicationSupportsIndirectInputEvents = YES;
				INFOPLIST_KEY_UILaunchStoryboardName = LaunchScreen;
				INFOPLIST_KEY_UISupportedInterfaceOrientations_iPad = "UIInterfaceOrientationPortrait UIInterfaceOrientationPortraitUpsideDown UIInterfaceOrientationLandscapeLeft UIInterfaceOrientationLandscapeRight";
				INFOPLIST_KEY_UISupportedInterfaceOrientations_iPhone = "UIInterfaceOrientationPortrait UIInterfaceOrientationLandscapeLeft UIInterfaceOrientationLandscapeRight";
				LD_RUNPATH_SEARCH_PATHS = (
					"$(inherited)",
					"@executable_path/Frameworks",
				);
				MARKETING_VERSION = 1.0;
				PRODUCT_BUNDLE_IDENTIFIER = guilhermebrv.bankey;
				PRODUCT_NAME = "$(TARGET_NAME)";
				SUPPORTED_PLATFORMS = "iphoneos iphonesimulator";
				SUPPORTS_MACCATALYST = NO;
				SUPPORTS_MAC_DESIGNED_FOR_IPHONE_IPAD = NO;
				SUPPORTS_XR_DESIGNED_FOR_IPHONE_IPAD = NO;
				SWIFT_EMIT_LOC_STRINGS = YES;
				SWIFT_VERSION = 5.0;
				TARGETED_DEVICE_FAMILY = 1;
			};
			name = Debug;
		};
		2BC02B612B7240D400D0B61E /* Release */ = {
			isa = XCBuildConfiguration;
			buildSettings = {
				ASSETCATALOG_COMPILER_APPICON_NAME = AppIcon;
				ASSETCATALOG_COMPILER_GLOBAL_ACCENT_COLOR_NAME = AccentColor;
				CODE_SIGN_STYLE = Automatic;
				CURRENT_PROJECT_VERSION = 1;
				DEVELOPMENT_TEAM = FH99D278L8;
				GENERATE_INFOPLIST_FILE = YES;
				INFOPLIST_FILE = bankey/Info.plist;
				INFOPLIST_KEY_UIApplicationSupportsIndirectInputEvents = YES;
				INFOPLIST_KEY_UILaunchStoryboardName = LaunchScreen;
				INFOPLIST_KEY_UISupportedInterfaceOrientations_iPad = "UIInterfaceOrientationPortrait UIInterfaceOrientationPortraitUpsideDown UIInterfaceOrientationLandscapeLeft UIInterfaceOrientationLandscapeRight";
				INFOPLIST_KEY_UISupportedInterfaceOrientations_iPhone = "UIInterfaceOrientationPortrait UIInterfaceOrientationLandscapeLeft UIInterfaceOrientationLandscapeRight";
				LD_RUNPATH_SEARCH_PATHS = (
					"$(inherited)",
					"@executable_path/Frameworks",
				);
				MARKETING_VERSION = 1.0;
				PRODUCT_BUNDLE_IDENTIFIER = guilhermebrv.bankey;
				PRODUCT_NAME = "$(TARGET_NAME)";
				SUPPORTED_PLATFORMS = "iphoneos iphonesimulator";
				SUPPORTS_MACCATALYST = NO;
				SUPPORTS_MAC_DESIGNED_FOR_IPHONE_IPAD = NO;
				SUPPORTS_XR_DESIGNED_FOR_IPHONE_IPAD = NO;
				SWIFT_EMIT_LOC_STRINGS = YES;
				SWIFT_VERSION = 5.0;
				TARGETED_DEVICE_FAMILY = 1;
			};
			name = Release;
		};
/* End XCBuildConfiguration section */

/* Begin XCConfigurationList section */
		2BC02B462B7240CF00D0B61E /* Build configuration list for PBXProject "bankey" */ = {
			isa = XCConfigurationList;
			buildConfigurations = (
				2BC02B5D2B7240D400D0B61E /* Debug */,
				2BC02B5E2B7240D400D0B61E /* Release */,
			);
			defaultConfigurationIsVisible = 0;
			defaultConfigurationName = Release;
		};
		2BC02B5F2B7240D400D0B61E /* Build configuration list for PBXNativeTarget "bankey" */ = {
			isa = XCConfigurationList;
			buildConfigurations = (
				2BC02B602B7240D400D0B61E /* Debug */,
				2BC02B612B7240D400D0B61E /* Release */,
			);
			defaultConfigurationIsVisible = 0;
			defaultConfigurationName = Release;
		};
/* End XCConfigurationList section */
	};
	rootObject = 2BC02B432B7240CF00D0B61E /* Project object */;
}
